// !$*UTF8*$!
{
	archiveVersion = 1;
	classes = {
	};
	objectVersion = 46;
	objects = {

/* Begin PBXBuildFile section */
		FD0904AA1AA99E570040691A /* head.jpg in Resources */ = {isa = PBXBuildFile; fileRef = FD0904A91AA99E570040691A /* head.jpg */; };
		FD0904AC1AA9A54A0040691A /* news1.jpg in Resources */ = {isa = PBXBuildFile; fileRef = FD0904AB1AA9A54A0040691A /* news1.jpg */; };
		FD0904AE1AA9A58F0040691A /* news2.jpg in Resources */ = {isa = PBXBuildFile; fileRef = FD0904AD1AA9A58F0040691A /* news2.jpg */; };
		FD0904B01AA9AE480040691A /* BranchViewController.swift in Sources */ = {isa = PBXBuildFile; fileRef = FD0904AF1AA9AE480040691A /* BranchViewController.swift */; };
		FD0904B21AA9B1730040691A /* AboutViewController.swift in Sources */ = {isa = PBXBuildFile; fileRef = FD0904B11AA9B1730040691A /* AboutViewController.swift */; };
		FD3632A91AB959A300469CF7 /* n1.jpg in Resources */ = {isa = PBXBuildFile; fileRef = FD3632A81AB959A300469CF7 /* n1.jpg */; };
		FD3632AB1AB95D4700469CF7 /* crest_4.gif in Resources */ = {isa = PBXBuildFile; fileRef = FD3632AA1AB95D4700469CF7 /* crest_4.gif */; };
		FD3632AD1AB95D4C00469CF7 /* color_it.jpg in Resources */ = {isa = PBXBuildFile; fileRef = FD3632AC1AB95D4C00469CF7 /* color_it.jpg */; };
		FD553C5D1AA9835500A3919B /* AppDelegate.swift in Sources */ = {isa = PBXBuildFile; fileRef = FD553C5C1AA9835500A3919B /* AppDelegate.swift */; };
		FD553C5F1AA9835500A3919B /* ViewController.swift in Sources */ = {isa = PBXBuildFile; fileRef = FD553C5E1AA9835500A3919B /* ViewController.swift */; };
		FD553C621AA9835500A3919B /* Main.storyboard in Resources */ = {isa = PBXBuildFile; fileRef = FD553C601AA9835500A3919B /* Main.storyboard */; };
		FD553C641AA9835500A3919B /* Images.xcassets in Resources */ = {isa = PBXBuildFile; fileRef = FD553C631AA9835500A3919B /* Images.xcassets */; };
		FD553C671AA9835500A3919B /* LaunchScreen.xib in Resources */ = {isa = PBXBuildFile; fileRef = FD553C651AA9835500A3919B /* LaunchScreen.xib */; };
		FD553C731AA9835500A3919B /* ITApplicationTests.swift in Sources */ = {isa = PBXBuildFile; fileRef = FD553C721AA9835500A3919B /* ITApplicationTests.swift */; };
/* End PBXBuildFile section */

/* Begin PBXContainerItemProxy section */
		FD553C6D1AA9835500A3919B /* PBXContainerItemProxy */ = {
			isa = PBXContainerItemProxy;
			containerPortal = FD553C4F1AA9835500A3919B /* Project object */;
			proxyType = 1;
			remoteGlobalIDString = FD553C561AA9835500A3919B;
			remoteInfo = ITApplication;
		};
/* End PBXContainerItemProxy section */

/* Begin PBXFileReference section */
		FD0904A91AA99E570040691A /* head.jpg */ = {isa = PBXFileReference; lastKnownFileType = image.jpeg; path = head.jpg; sourceTree = "<group>"; };
		FD0904AB1AA9A54A0040691A /* news1.jpg */ = {isa = PBXFileReference; lastKnownFileType = image.jpeg; path = news1.jpg; sourceTree = "<group>"; };
		FD0904AD1AA9A58F0040691A /* news2.jpg */ = {isa = PBXFileReference; lastKnownFileType = image.jpeg; path = news2.jpg; sourceTree = "<group>"; };
		FD0904AF1AA9AE480040691A /* BranchViewController.swift */ = {isa = PBXFileReference; fileEncoding = 4; lastKnownFileType = sourcecode.swift; path = BranchViewController.swift; sourceTree = "<group>"; };
		FD0904B11AA9B1730040691A /* AboutViewController.swift */ = {isa = PBXFileReference; fileEncoding = 4; lastKnownFileType = sourcecode.swift; path = AboutViewController.swift; sourceTree = "<group>"; };
		FD3632A81AB959A300469CF7 /* n1.jpg */ = {isa = PBXFileReference; lastKnownFileType = image.jpeg; path = n1.jpg; sourceTree = "<group>"; };
		FD3632AA1AB95D4700469CF7 /* crest_4.gif */ = {isa = PBXFileReference; lastKnownFileType = image.gif; path = crest_4.gif; sourceTree = "<group>"; };
		FD3632AC1AB95D4C00469CF7 /* color_it.jpg */ = {isa = PBXFileReference; lastKnownFileType = image.jpeg; path = color_it.jpg; sourceTree = "<group>"; };
		FD553C571AA9835500A3919B /* ITApplication.app */ = {isa = PBXFileReference; explicitFileType = wrapper.application; includeInIndex = 0; path = ITApplication.app; sourceTree = BUILT_PRODUCTS_DIR; };
		FD553C5B1AA9835500A3919B /* Info.plist */ = {isa = PBXFileReference; lastKnownFileType = text.plist.xml; path = Info.plist; sourceTree = "<group>"; };
		FD553C5C1AA9835500A3919B /* AppDelegate.swift */ = {isa = PBXFileReference; lastKnownFileType = sourcecode.swift; path = AppDelegate.swift; sourceTree = "<group>"; };
		FD553C5E1AA9835500A3919B /* ViewController.swift */ = {isa = PBXFileReference; lastKnownFileType = sourcecode.swift; path = ViewController.swift; sourceTree = "<group>"; };
		FD553C611AA9835500A3919B /* Base */ = {isa = PBXFileReference; lastKnownFileType = file.storyboard; name = Base; path = Base.lproj/Main.storyboard; sourceTree = "<group>"; };
		FD553C631AA9835500A3919B /* Images.xcassets */ = {isa = PBXFileReference; lastKnownFileType = folder.assetcatalog; path = Images.xcassets; sourceTree = "<group>"; };
		FD553C661AA9835500A3919B /* Base */ = {isa = PBXFileReference; lastKnownFileType = file.xib; name = Base; path = Base.lproj/LaunchScreen.xib; sourceTree = "<group>"; };
		FD553C6C1AA9835500A3919B /* ITApplicationTests.xctest */ = {isa = PBXFileReference; explicitFileType = wrapper.cfbundle; includeInIndex = 0; path = ITApplicationTests.xctest; sourceTree = BUILT_PRODUCTS_DIR; };
		FD553C711AA9835500A3919B /* Info.plist */ = {isa = PBXFileReference; lastKnownFileType = text.plist.xml; path = Info.plist; sourceTree = "<group>"; };
		FD553C721AA9835500A3919B /* ITApplicationTests.swift */ = {isa = PBXFileReference; lastKnownFileType = sourcecode.swift; path = ITApplicationTests.swift; sourceTree = "<group>"; };
/* End PBXFileReference section */

/* Begin PBXFrameworksBuildPhase section */
		FD553C541AA9835500A3919B /* Frameworks */ = {
			isa = PBXFrameworksBuildPhase;
			buildActionMask = 2147483647;
			files = (
			);
			runOnlyForDeploymentPostprocessing = 0;
		};
		FD553C691AA9835500A3919B /* Frameworks */ = {
			isa = PBXFrameworksBuildPhase;
			buildActionMask = 2147483647;
			files = (
			);
			runOnlyForDeploymentPostprocessing = 0;
		};
/* End PBXFrameworksBuildPhase section */

/* Begin PBXGroup section */
		FD553C4E1AA9835500A3919B = {
			isa = PBXGroup;
			children = (
				FD553C591AA9835500A3919B /* ITApplication */,
				FD553C6F1AA9835500A3919B /* ITApplicationTests */,
				FD553C581AA9835500A3919B /* Products */,
			);
			sourceTree = "<group>";
		};
		FD553C581AA9835500A3919B /* Products */ = {
			isa = PBXGroup;
			children = (
				FD553C571AA9835500A3919B /* ITApplication.app */,
				FD553C6C1AA9835500A3919B /* ITApplicationTests.xctest */,
			);
			name = Products;
			sourceTree = "<group>";
		};
		FD553C591AA9835500A3919B /* ITApplication */ = {
			isa = PBXGroup;
			children = (
				FD553C5C1AA9835500A3919B /* AppDelegate.swift */,
				FD553C5E1AA9835500A3919B /* ViewController.swift */,
				FD553C601AA9835500A3919B /* Main.storyboard */,
				FD0904B11AA9B1730040691A /* AboutViewController.swift */,
				FD0904AF1AA9AE480040691A /* BranchViewController.swift */,
				FD553C631AA9835500A3919B /* Images.xcassets */,
				FD553C651AA9835500A3919B /* LaunchScreen.xib */,
				FD553C5A1AA9835500A3919B /* Supporting Files */,
			);
			path = ITApplication;
			sourceTree = "<group>";
		};
		FD553C5A1AA9835500A3919B /* Supporting Files */ = {
			isa = PBXGroup;
			children = (
				FD3632AC1AB95D4C00469CF7 /* color_it.jpg */,
				FD3632AA1AB95D4700469CF7 /* crest_4.gif */,
				FD3632A81AB959A300469CF7 /* n1.jpg */,
				FD0904AD1AA9A58F0040691A /* news2.jpg */,
				FD0904AB1AA9A54A0040691A /* news1.jpg */,
				FD0904A91AA99E570040691A /* head.jpg */,
				FD553C5B1AA9835500A3919B /* Info.plist */,
			);
			name = "Supporting Files";
			sourceTree = "<group>";
		};
		FD553C6F1AA9835500A3919B /* ITApplicationTests */ = {
			isa = PBXGroup;
			children = (
				FD553C721AA9835500A3919B /* ITApplicationTests.swift */,
				FD553C701AA9835500A3919B /* Supporting Files */,
			);
			path = ITApplicationTests;
			sourceTree = "<group>";
		};
		FD553C701AA9835500A3919B /* Supporting Files */ = {
			isa = PBXGroup;
			children = (
				FD553C711AA9835500A3919B /* Info.plist */,
			);
			name = "Supporting Files";
			sourceTree = "<group>";
		};
/* End PBXGroup section */

/* Begin PBXNativeTarget section */
		FD553C561AA9835500A3919B /* ITApplication */ = {
			isa = PBXNativeTarget;
			buildConfigurationList = FD553C761AA9835500A3919B /* Build configuration list for PBXNativeTarget "ITApplication" */;
			buildPhases = (
				FD553C531AA9835500A3919B /* Sources */,
				FD553C541AA9835500A3919B /* Frameworks */,
				FD553C551AA9835500A3919B /* Resources */,
			);
			buildRules = (
			);
			dependencies = (
			);
			name = ITApplication;
			productName = ITApplication;
			productReference = FD553C571AA9835500A3919B /* ITApplication.app */;
			productType = "com.apple.product-type.application";
		};
		FD553C6B1AA9835500A3919B /* ITApplicationTests */ = {
			isa = PBXNativeTarget;
			buildConfigurationList = FD553C791AA9835500A3919B /* Build configuration list for PBXNativeTarget "ITApplicationTests" */;
			buildPhases = (
				FD553C681AA9835500A3919B /* Sources */,
				FD553C691AA9835500A3919B /* Frameworks */,
				FD553C6A1AA9835500A3919B /* Resources */,
			);
			buildRules = (
			);
			dependencies = (
				FD553C6E1AA9835500A3919B /* PBXTargetDependency */,
			);
			name = ITApplicationTests;
			productName = ITApplicationTests;
			productReference = FD553C6C1AA9835500A3919B /* ITApplicationTests.xctest */;
			productType = "com.apple.product-type.bundle.unit-test";
		};
/* End PBXNativeTarget section */

/* Begin PBXProject section */
		FD553C4F1AA9835500A3919B /* Project object */ = {
			isa = PBXProject;
			attributes = {
				LastUpgradeCheck = 0600;
				ORGANIZATIONNAME = iStudents;
				TargetAttributes = {
					FD553C561AA9835500A3919B = {
						CreatedOnToolsVersion = 6.0;
					};
					FD553C6B1AA9835500A3919B = {
						CreatedOnToolsVersion = 6.0;
						TestTargetID = FD553C561AA9835500A3919B;
					};
				};
			};
			buildConfigurationList = FD553C521AA9835500A3919B /* Build configuration list for PBXProject "ITApplication" */;
			compatibilityVersion = "Xcode 3.2";
			developmentRegion = English;
			hasScannedForEncodings = 0;
			knownRegions = (
				en,
				Base,
			);
			mainGroup = FD553C4E1AA9835500A3919B;
			productRefGroup = FD553C581AA9835500A3919B /* Products */;
			projectDirPath = "";
			projectRoot = "";
			targets = (
				FD553C561AA9835500A3919B /* ITApplication */,
				FD553C6B1AA9835500A3919B /* ITApplicationTests */,
			);
		};
/* End PBXProject section */

/* Begin PBXResourcesBuildPhase section */
		FD553C551AA9835500A3919B /* Resources */ = {
			isa = PBXResourcesBuildPhase;
			buildActionMask = 2147483647;
			files = (
				FD0904AE1AA9A58F0040691A /* news2.jpg in Resources */,
				FD553C621AA9835500A3919B /* Main.storyboard in Resources */,
				FD3632A91AB959A300469CF7 /* n1.jpg in Resources */,
				FD3632AB1AB95D4700469CF7 /* crest_4.gif in Resources */,
				FD553C671AA9835500A3919B /* LaunchScreen.xib in Resources */,
				FD0904AC1AA9A54A0040691A /* news1.jpg in Resources */,
				FD553C641AA9835500A3919B /* Images.xcassets in Resources */,
				FD3632AD1AB95D4C00469CF7 /* color_it.jpg in Resources */,
				FD0904AA1AA99E570040691A /* head.jpg in Resources */,
			);
			runOnlyForDeploymentPostprocessing = 0;
		};
		FD553C6A1AA9835500A3919B /* Resources */ = {
			isa = PBXResourcesBuildPhase;
			buildActionMask = 2147483647;
			files = (
			);
			runOnlyForDeploymentPostprocessing = 0;
		};
/* End PBXResourcesBuildPhase section */

/* Begin PBXSourcesBuildPhase section */
		FD553C531AA9835500A3919B /* Sources */ = {
			isa = PBXSourcesBuildPhase;
			buildActionMask = 2147483647;
			files = (
				FD553C5F1AA9835500A3919B /* ViewController.swift in Sources */,
				FD553C5D1AA9835500A3919B /* AppDelegate.swift in Sources */,
				FD0904B21AA9B1730040691A /* AboutViewController.swift in Sources */,
				FD0904B01AA9AE480040691A /* BranchViewController.swift in Sources */,
			);
			runOnlyForDeploymentPostprocessing = 0;
		};
		FD553C681AA9835500A3919B /* Sources */ = {
			isa = PBXSourcesBuildPhase;
			buildActionMask = 2147483647;
			files = (
				FD553C731AA9835500A3919B /* ITApplicationTests.swift in Sources */,
			);
			runOnlyForDeploymentPostprocessing = 0;
		};
/* End PBXSourcesBuildPhase section */

/* Begin PBXTargetDependency section */
		FD553C6E1AA9835500A3919B /* PBXTargetDependency */ = {
			isa = PBXTargetDependency;
			target = FD553C561AA9835500A3919B /* ITApplication */;
			targetProxy = FD553C6D1AA9835500A3919B /* PBXContainerItemProxy */;
		};
/* End PBXTargetDependency section */

/* Begin PBXVariantGroup section */
		FD553C601AA9835500A3919B /* Main.storyboard */ = {
			isa = PBXVariantGroup;
			children = (
				FD553C611AA9835500A3919B /* Base */,
			);
			name = Main.storyboard;
			sourceTree = "<group>";
		};
		FD553C651AA9835500A3919B /* LaunchScreen.xib */ = {
			isa = PBXVariantGroup;
			children = (
				FD553C661AA9835500A3919B /* Base */,
			);
			name = LaunchScreen.xib;
			sourceTree = "<group>";
		};
/* End PBXVariantGroup section */

/* Begin XCBuildConfiguration section */
		FD553C741AA9835500A3919B /* Debug */ = {
			isa = XCBuildConfiguration;
			buildSettings = {
				ALWAYS_SEARCH_USER_PATHS = NO;
				CLANG_CXX_LANGUAGE_STANDARD = "gnu++0x";
				CLANG_CXX_LIBRARY = "libc++";
				CLANG_ENABLE_MODULES = YES;
				CLANG_ENABLE_OBJC_ARC = YES;
				CLANG_WARN_BOOL_CONVERSION = YES;
				CLANG_WARN_CONSTANT_CONVERSION = YES;
				CLANG_WARN_DIRECT_OBJC_ISA_USAGE = YES_ERROR;
				CLANG_WARN_EMPTY_BODY = YES;
				CLANG_WARN_ENUM_CONVERSION = YES;
				CLANG_WARN_INT_CONVERSION = YES;
				CLANG_WARN_OBJC_ROOT_CLASS = YES_ERROR;
				CLANG_WARN_UNREACHABLE_CODE = YES;
				CLANG_WARN__DUPLICATE_METHOD_MATCH = YES;
				"CODE_SIGN_IDENTITY[sdk=iphoneos*]" = "iPhone Developer";
				COPY_PHASE_STRIP = NO;
				ENABLE_STRICT_OBJC_MSGSEND = YES;
				GCC_C_LANGUAGE_STANDARD = gnu99;
				GCC_DYNAMIC_NO_PIC = NO;
				GCC_OPTIMIZATION_LEVEL = 0;
				GCC_PREPROCESSOR_DEFINITIONS = (
					"DEBUG=1",
					"$(inherited)",
				);
				GCC_SYMBOLS_PRIVATE_EXTERN = NO;
				GCC_WARN_64_TO_32_BIT_CONVERSION = YES;
				GCC_WARN_ABOUT_RETURN_TYPE = YES_ERROR;
				GCC_WARN_UNDECLARED_SELECTOR = YES;
				GCC_WARN_UNINITIALIZED_AUTOS = YES_AGGRESSIVE;
				GCC_WARN_UNUSED_FUNCTION = YES;
				GCC_WARN_UNUSED_VARIABLE = YES;
				IPHONEOS_DEPLOYMENT_TARGET = 8.0;
				MTL_ENABLE_DEBUG_INFO = YES;
				ONLY_ACTIVE_ARCH = YES;
				SDKROOT = iphoneos;
				SWIFT_OPTIMIZATION_LEVEL = "-Onone";
			};
			name = Debug;
		};
		FD553C751AA9835500A3919B /* Release */ = {
			isa = XCBuildConfiguration;
			buildSettings = {
				ALWAYS_SEARCH_USER_PATHS = NO;
				CLANG_CXX_LANGUAGE_STANDARD = "gnu++0x";
				CLANG_CXX_LIBRARY = "libc++";
				CLANG_ENABLE_MODULES = YES;
				CLANG_ENABLE_OBJC_ARC = YES;
				CLANG_WARN_BOOL_CONVERSION = YES;
				CLANG_WARN_CONSTANT_CONVERSION = YES;
				CLANG_WARN_DIRECT_OBJC_ISA_USAGE = YES_ERROR;
				CLANG_WARN_EMPTY_BODY = YES;
				CLANG_WARN_ENUM_CONVERSION = YES;
				CLANG_WARN_INT_CONVERSION = YES;
				CLANG_WARN_OBJC_ROOT_CLASS = YES_ERROR;
				CLANG_WARN_UNREACHABLE_CODE = YES;
				CLANG_WARN__DUPLICATE_METHOD_MATCH = YES;
				"CODE_SIGN_IDENTITY[sdk=iphoneos*]" = "iPhone Developer";
				COPY_PHASE_STRIP = YES;
				ENABLE_NS_ASSERTIONS = NO;
				ENABLE_STRICT_OBJC_MSGSEND = YES;
				GCC_C_LANGUAGE_STANDARD = gnu99;
				GCC_WARN_64_TO_32_BIT_CONVERSION = YES;
				GCC_WARN_ABOUT_RETURN_TYPE = YES_ERROR;
				GCC_WARN_UNDECLARED_SELECTOR = YES;
				GCC_WARN_UNINITIALIZED_AUTOS = YES_AGGRESSIVE;
				GCC_WARN_UNUSED_FUNCTION = YES;
				GCC_WARN_UNUSED_VARIABLE = YES;
				IPHONEOS_DEPLOYMENT_TARGET = 8.0;
				MTL_ENABLE_DEBUG_INFO = NO;
				SDKROOT = iphoneos;
				VALIDATE_PRODUCT = YES;
			};
			name = Release;
		};
		FD553C771AA9835500A3919B /* Debug */ = {
			isa = XCBuildConfiguration;
			buildSettings = {
				ASSETCATALOG_COMPILER_APPICON_NAME = AppIcon;
				INFOPLIST_FILE = ITApplication/Info.plist;
				LD_RUNPATH_SEARCH_PATHS = "$(inherited) @executable_path/Frameworks";
				PRODUCT_NAME = "$(TARGET_NAME)";
			};
			name = Debug;
		};
		FD553C781AA9835500A3919B /* Release */ = {
			isa = XCBuildConfiguration;
			buildSettings = {
				ASSETCATALOG_COMPILER_APPICON_NAME = AppIcon;
				INFOPLIST_FILE = ITApplication/Info.plist;
				LD_RUNPATH_SEARCH_PATHS = "$(inherited) @executable_path/Frameworks";
				PRODUCT_NAME = "$(TARGET_NAME)";
			};
			name = Release;
		};
		FD553C7A1AA9835500A3919B /* Debug */ = {
			isa = XCBuildConfiguration;
			buildSettings = {
				BUNDLE_LOADER = "$(TEST_HOST)";
				FRAMEWORK_SEARCH_PATHS = (
					"$(SDKROOT)/Developer/Library/Frameworks",
					"$(inherited)",
				);
				GCC_PREPROCESSOR_DEFINITIONS = (
					"DEBUG=1",
					"$(inherited)",
				);
				INFOPLIST_FILE = ITApplicationTests/Info.plist;
				LD_RUNPATH_SEARCH_PATHS = "$(inherited) @executable_path/Frameworks @loader_path/Frameworks";
				PRODUCT_NAME = "$(TARGET_NAME)";
				TEST_HOST = "$(BUILT_PRODUCTS_DIR)/ITApplication.app/ITApplication";
			};
			name = Debug;
		};
		FD553C7B1AA9835500A3919B /* Release */ = {
			isa = XCBuildConfiguration;
			buildSettings = {
				BUNDLE_LOADER = "$(TEST_HOST)";
				FRAMEWORK_SEARCH_PATHS = (
					"$(SDKROOT)/Developer/Library/Frameworks",
					"$(inherited)",
				);
				INFOPLIST_FILE = ITApplicationTests/Info.plist;
				LD_RUNPATH_SEARCH_PATHS = "$(inherited) @executable_path/Frameworks @loader_path/Frameworks";
				PRODUCT_NAME = "$(TARGET_NAME)";
				TEST_HOST = "$(BUILT_PRODUCTS_DIR)/ITApplication.app/ITApplication";
			};
			name = Release;
		};
/* End XCBuildConfiguration section */

/* Begin XCConfigurationList section */
		FD553C521AA9835500A3919B /* Build configuration list for PBXProject "ITApplication" */ = {
			isa = XCConfigurationList;
			buildConfigurations = (
				FD553C741AA9835500A3919B /* Debug */,
				FD553C751AA9835500A3919B /* Release */,
			);
			defaultConfigurationIsVisible = 0;
			defaultConfigurationName = Release;
		};
		FD553C761AA9835500A3919B /* Build configuration list for PBXNativeTarget "ITApplication" */ = {
			isa = XCConfigurationList;
			buildConfigurations = (
				FD553C771AA9835500A3919B /* Debug */,
				FD553C781AA9835500A3919B /* Release */,
			);
			defaultConfigurationIsVisible = 0;
			defaultConfigurationName = Release;
		};
		FD553C791AA9835500A3919B /* Build configuration list for PBXNativeTarget "ITApplicationTests" */ = {
			isa = XCConfigurationList;
			buildConfigurations = (
				FD553C7A1AA9835500A3919B /* Debug */,
				FD553C7B1AA9835500A3919B /* Release */,
			);
			defaultConfigurationIsVisible = 0;
			defaultConfigurationName = Release;
		};
/* End XCConfigurationList section */
	};
	rootObject = FD553C4F1AA9835500A3919B /* Project object */;
}
