// !$*UTF8*$!
{
	archiveVersion = 1;
	classes = {
	};
	objectVersion = 46;
	objects = {

/* Begin PBXBuildFile section */
		FDD99B631ABBF9C100062FE8 /* AppDelegate.swift in Sources */ = {isa = PBXBuildFile; fileRef = FDD99B621ABBF9C100062FE8 /* AppDelegate.swift */; };
		FDD99B661ABBF9C100062FE8 /* coreDataExample.xcdatamodeld in Sources */ = {isa = PBXBuildFile; fileRef = FDD99B641ABBF9C100062FE8 /* coreDataExample.xcdatamodeld */; };
		FDD99B681ABBF9C100062FE8 /* ViewController.swift in Sources */ = {isa = PBXBuildFile; fileRef = FDD99B671ABBF9C100062FE8 /* ViewController.swift */; };
		FDD99B6B1ABBF9C100062FE8 /* Main.storyboard in Resources */ = {isa = PBXBuildFile; fileRef = FDD99B691ABBF9C100062FE8 /* Main.storyboard */; };
		FDD99B6D1ABBF9C100062FE8 /* Images.xcassets in Resources */ = {isa = PBXBuildFile; fileRef = FDD99B6C1ABBF9C100062FE8 /* Images.xcassets */; };
		FDD99B701ABBF9C100062FE8 /* LaunchScreen.xib in Resources */ = {isa = PBXBuildFile; fileRef = FDD99B6E1ABBF9C100062FE8 /* LaunchScreen.xib */; };
		FDD99B7C1ABBF9C100062FE8 /* coreDataExampleTests.swift in Sources */ = {isa = PBXBuildFile; fileRef = FDD99B7B1ABBF9C100062FE8 /* coreDataExampleTests.swift */; };
/* End PBXBuildFile section */

/* Begin PBXContainerItemProxy section */
		FDD99B761ABBF9C100062FE8 /* PBXContainerItemProxy */ = {
			isa = PBXContainerItemProxy;
			containerPortal = FDD99B551ABBF9C100062FE8 /* Project object */;
			proxyType = 1;
			remoteGlobalIDString = FDD99B5C1ABBF9C100062FE8;
			remoteInfo = coreDataExample;
		};
/* End PBXContainerItemProxy section */

/* Begin PBXFileReference section */
		FDD99B5D1ABBF9C100062FE8 /* coreDataExample.app */ = {isa = PBXFileReference; explicitFileType = wrapper.application; includeInIndex = 0; path = coreDataExample.app; sourceTree = BUILT_PRODUCTS_DIR; };
		FDD99B611ABBF9C100062FE8 /* Info.plist */ = {isa = PBXFileReference; lastKnownFileType = text.plist.xml; path = Info.plist; sourceTree = "<group>"; };
		FDD99B621ABBF9C100062FE8 /* AppDelegate.swift */ = {isa = PBXFileReference; lastKnownFileType = sourcecode.swift; path = AppDelegate.swift; sourceTree = "<group>"; };
		FDD99B651ABBF9C100062FE8 /* coreDataExample.xcdatamodel */ = {isa = PBXFileReference; lastKnownFileType = wrapper.xcdatamodel; path = coreDataExample.xcdatamodel; sourceTree = "<group>"; };
		FDD99B671ABBF9C100062FE8 /* ViewController.swift */ = {isa = PBXFileReference; lastKnownFileType = sourcecode.swift; path = ViewController.swift; sourceTree = "<group>"; };
		FDD99B6A1ABBF9C100062FE8 /* Base */ = {isa = PBXFileReference; lastKnownFileType = file.storyboard; name = Base; path = Base.lproj/Main.storyboard; sourceTree = "<group>"; };
		FDD99B6C1ABBF9C100062FE8 /* Images.xcassets */ = {isa = PBXFileReference; lastKnownFileType = folder.assetcatalog; path = Images.xcassets; sourceTree = "<group>"; };
		FDD99B6F1ABBF9C100062FE8 /* Base */ = {isa = PBXFileReference; lastKnownFileType = file.xib; name = Base; path = Base.lproj/LaunchScreen.xib; sourceTree = "<group>"; };
		FDD99B751ABBF9C100062FE8 /* coreDataExampleTests.xctest */ = {isa = PBXFileReference; explicitFileType = wrapper.cfbundle; includeInIndex = 0; path = coreDataExampleTests.xctest; sourceTree = BUILT_PRODUCTS_DIR; };
		FDD99B7A1ABBF9C100062FE8 /* Info.plist */ = {isa = PBXFileReference; lastKnownFileType = text.plist.xml; path = Info.plist; sourceTree = "<group>"; };
		FDD99B7B1ABBF9C100062FE8 /* coreDataExampleTests.swift */ = {isa = PBXFileReference; lastKnownFileType = sourcecode.swift; path = coreDataExampleTests.swift; sourceTree = "<group>"; };
/* End PBXFileReference section */

/* Begin PBXFrameworksBuildPhase section */
		FDD99B5A1ABBF9C100062FE8 /* Frameworks */ = {
			isa = PBXFrameworksBuildPhase;
			buildActionMask = 2147483647;
			files = (
			);
			runOnlyForDeploymentPostprocessing = 0;
		};
		FDD99B721ABBF9C100062FE8 /* Frameworks */ = {
			isa = PBXFrameworksBuildPhase;
			buildActionMask = 2147483647;
			files = (
			);
			runOnlyForDeploymentPostprocessing = 0;
		};
/* End PBXFrameworksBuildPhase section */

/* Begin PBXGroup section */
		FDD99B541ABBF9C100062FE8 = {
			isa = PBXGroup;
			children = (
				FDD99B5F1ABBF9C100062FE8 /* coreDataExample */,
				FDD99B781ABBF9C100062FE8 /* coreDataExampleTests */,
				FDD99B5E1ABBF9C100062FE8 /* Products */,
			);
			sourceTree = "<group>";
		};
		FDD99B5E1ABBF9C100062FE8 /* Products */ = {
			isa = PBXGroup;
			children = (
				FDD99B5D1ABBF9C100062FE8 /* coreDataExample.app */,
				FDD99B751ABBF9C100062FE8 /* coreDataExampleTests.xctest */,
			);
			name = Products;
			sourceTree = "<group>";
		};
		FDD99B5F1ABBF9C100062FE8 /* coreDataExample */ = {
			isa = PBXGroup;
			children = (
				FDD99B621ABBF9C100062FE8 /* AppDelegate.swift */,
				FDD99B671ABBF9C100062FE8 /* ViewController.swift */,
				FDD99B691ABBF9C100062FE8 /* Main.storyboard */,
				FDD99B6C1ABBF9C100062FE8 /* Images.xcassets */,
				FDD99B6E1ABBF9C100062FE8 /* LaunchScreen.xib */,
				FDD99B641ABBF9C100062FE8 /* coreDataExample.xcdatamodeld */,
				FDD99B601ABBF9C100062FE8 /* Supporting Files */,
			);
			path = coreDataExample;
			sourceTree = "<group>";
		};
		FDD99B601ABBF9C100062FE8 /* Supporting Files */ = {
			isa = PBXGroup;
			children = (
				FDD99B611ABBF9C100062FE8 /* Info.plist */,
			);
			name = "Supporting Files";
			sourceTree = "<group>";
		};
		FDD99B781ABBF9C100062FE8 /* coreDataExampleTests */ = {
			isa = PBXGroup;
			children = (
				FDD99B7B1ABBF9C100062FE8 /* coreDataExampleTests.swift */,
				FDD99B791ABBF9C100062FE8 /* Supporting Files */,
			);
			path = coreDataExampleTests;
			sourceTree = "<group>";
		};
		FDD99B791ABBF9C100062FE8 /* Supporting Files */ = {
			isa = PBXGroup;
			children = (
				FDD99B7A1ABBF9C100062FE8 /* Info.plist */,
			);
			name = "Supporting Files";
			sourceTree = "<group>";
		};
/* End PBXGroup section */

/* Begin PBXNativeTarget section */
		FDD99B5C1ABBF9C100062FE8 /* coreDataExample */ = {
			isa = PBXNativeTarget;
			buildConfigurationList = FDD99B7F1ABBF9C100062FE8 /* Build configuration list for PBXNativeTarget "coreDataExample" */;
			buildPhases = (
				FDD99B591ABBF9C100062FE8 /* Sources */,
				FDD99B5A1ABBF9C100062FE8 /* Frameworks */,
				FDD99B5B1ABBF9C100062FE8 /* Resources */,
			);
			buildRules = (
			);
			dependencies = (
			);
			name = coreDataExample;
			productName = coreDataExample;
			productReference = FDD99B5D1ABBF9C100062FE8 /* coreDataExample.app */;
			productType = "com.apple.product-type.application";
		};
		FDD99B741ABBF9C100062FE8 /* coreDataExampleTests */ = {
			isa = PBXNativeTarget;
			buildConfigurationList = FDD99B821ABBF9C100062FE8 /* Build configuration list for PBXNativeTarget "coreDataExampleTests" */;
			buildPhases = (
				FDD99B711ABBF9C100062FE8 /* Sources */,
				FDD99B721ABBF9C100062FE8 /* Frameworks */,
				FDD99B731ABBF9C100062FE8 /* Resources */,
			);
			buildRules = (
			);
			dependencies = (
				FDD99B771ABBF9C100062FE8 /* PBXTargetDependency */,
			);
			name = coreDataExampleTests;
			productName = coreDataExampleTests;
			productReference = FDD99B751ABBF9C100062FE8 /* coreDataExampleTests.xctest */;
			productType = "com.apple.product-type.bundle.unit-test";
		};
/* End PBXNativeTarget section */

/* Begin PBXProject section */
		FDD99B551ABBF9C100062FE8 /* Project object */ = {
			isa = PBXProject;
			attributes = {
				LastUpgradeCheck = 0600;
				ORGANIZATIONNAME = iStudents;
				TargetAttributes = {
					FDD99B5C1ABBF9C100062FE8 = {
						CreatedOnToolsVersion = 6.0;
					};
					FDD99B741ABBF9C100062FE8 = {
						CreatedOnToolsVersion = 6.0;
						TestTargetID = FDD99B5C1ABBF9C100062FE8;
					};
				};
			};
			buildConfigurationList = FDD99B581ABBF9C100062FE8 /* Build configuration list for PBXProject "coreDataExample" */;
			compatibilityVersion = "Xcode 3.2";
			developmentRegion = English;
			hasScannedForEncodings = 0;
			knownRegions = (
				en,
				Base,
			);
			mainGroup = FDD99B541ABBF9C100062FE8;
			productRefGroup = FDD99B5E1ABBF9C100062FE8 /* Products */;
			projectDirPath = "";
			projectRoot = "";
			targets = (
				FDD99B5C1ABBF9C100062FE8 /* coreDataExample */,
				FDD99B741ABBF9C100062FE8 /* coreDataExampleTests */,
			);
		};
/* End PBXProject section */

/* Begin PBXResourcesBuildPhase section */
		FDD99B5B1ABBF9C100062FE8 /* Resources */ = {
			isa = PBXResourcesBuildPhase;
			buildActionMask = 2147483647;
			files = (
				FDD99B6B1ABBF9C100062FE8 /* Main.storyboard in Resources */,
				FDD99B701ABBF9C100062FE8 /* LaunchScreen.xib in Resources */,
				FDD99B6D1ABBF9C100062FE8 /* Images.xcassets in Resources */,
			);
			runOnlyForDeploymentPostprocessing = 0;
		};
		FDD99B731ABBF9C100062FE8 /* Resources */ = {
			isa = PBXResourcesBuildPhase;
			buildActionMask = 2147483647;
			files = (
			);
			runOnlyForDeploymentPostprocessing = 0;
		};
/* End PBXResourcesBuildPhase section */

/* Begin PBXSourcesBuildPhase section */
		FDD99B591ABBF9C100062FE8 /* Sources */ = {
			isa = PBXSourcesBuildPhase;
			buildActionMask = 2147483647;
			files = (
				FDD99B681ABBF9C100062FE8 /* ViewController.swift in Sources */,
				FDD99B631ABBF9C100062FE8 /* AppDelegate.swift in Sources */,
				FDD99B661ABBF9C100062FE8 /* coreDataExample.xcdatamodeld in Sources */,
			);
			runOnlyForDeploymentPostprocessing = 0;
		};
		FDD99B711ABBF9C100062FE8 /* Sources */ = {
			isa = PBXSourcesBuildPhase;
			buildActionMask = 2147483647;
			files = (
				FDD99B7C1ABBF9C100062FE8 /* coreDataExampleTests.swift in Sources */,
			);
			runOnlyForDeploymentPostprocessing = 0;
		};
/* End PBXSourcesBuildPhase section */

/* Begin PBXTargetDependency section */
		FDD99B771ABBF9C100062FE8 /* PBXTargetDependency */ = {
			isa = PBXTargetDependency;
			target = FDD99B5C1ABBF9C100062FE8 /* coreDataExample */;
			targetProxy = FDD99B761ABBF9C100062FE8 /* PBXContainerItemProxy */;
		};
/* End PBXTargetDependency section */

/* Begin PBXVariantGroup section */
		FDD99B691ABBF9C100062FE8 /* Main.storyboard */ = {
			isa = PBXVariantGroup;
			children = (
				FDD99B6A1ABBF9C100062FE8 /* Base */,
			);
			name = Main.storyboard;
			sourceTree = "<group>";
		};
		FDD99B6E1ABBF9C100062FE8 /* LaunchScreen.xib */ = {
			isa = PBXVariantGroup;
			children = (
				FDD99B6F1ABBF9C100062FE8 /* Base */,
			);
			name = LaunchScreen.xib;
			sourceTree = "<group>";
		};
/* End PBXVariantGroup section */

/* Begin XCBuildConfiguration section */
		FDD99B7D1ABBF9C100062FE8 /* Debug */ = {
			isa = XCBuildConfiguration;
			buildSettings = {
				ALWAYS_SEARCH_USER_PATHS = NO;
				CLANG_CXX_LANGUAGE_STANDARD = "gnu++0x";
				CLANG_CXX_LIBRARY = "libc++";
				CLANG_ENABLE_MODULES = YES;
				CLANG_ENABLE_OBJC_ARC = YES;
				CLANG_WARN_BOOL_CONVERSION = YES;
				CLANG_WARN_CONSTANT_CONVERSION = YES;
				CLANG_WARN_DIRECT_OBJC_ISA_USAGE = YES_ERROR;
				CLANG_WARN_EMPTY_BODY = YES;
				CLANG_WARN_ENUM_CONVERSION = YES;
				CLANG_WARN_INT_CONVERSION = YES;
				CLANG_WARN_OBJC_ROOT_CLASS = YES_ERROR;
				CLANG_WARN_UNREACHABLE_CODE = YES;
				CLANG_WARN__DUPLICATE_METHOD_MATCH = YES;
				"CODE_SIGN_IDENTITY[sdk=iphoneos*]" = "iPhone Developer";
				COPY_PHASE_STRIP = NO;
				ENABLE_STRICT_OBJC_MSGSEND = YES;
				GCC_C_LANGUAGE_STANDARD = gnu99;
				GCC_DYNAMIC_NO_PIC = NO;
				GCC_OPTIMIZATION_LEVEL = 0;
				GCC_PREPROCESSOR_DEFINITIONS = (
					"DEBUG=1",
					"$(inherited)",
				);
				GCC_SYMBOLS_PRIVATE_EXTERN = NO;
				GCC_WARN_64_TO_32_BIT_CONVERSION = YES;
				GCC_WARN_ABOUT_RETURN_TYPE = YES_ERROR;
				GCC_WARN_UNDECLARED_SELECTOR = YES;
				GCC_WARN_UNINITIALIZED_AUTOS = YES_AGGRESSIVE;
				GCC_WARN_UNUSED_FUNCTION = YES;
				GCC_WARN_UNUSED_VARIABLE = YES;
				IPHONEOS_DEPLOYMENT_TARGET = 8.0;
				MTL_ENABLE_DEBUG_INFO = YES;
				ONLY_ACTIVE_ARCH = YES;
				SDKROOT = iphoneos;
				SWIFT_OPTIMIZATION_LEVEL = "-Onone";
			};
			name = Debug;
		};
		FDD99B7E1ABBF9C100062FE8 /* Release */ = {
			isa = XCBuildConfiguration;
			buildSettings = {
				ALWAYS_SEARCH_USER_PATHS = NO;
				CLANG_CXX_LANGUAGE_STANDARD = "gnu++0x";
				CLANG_CXX_LIBRARY = "libc++";
				CLANG_ENABLE_MODULES = YES;
				CLANG_ENABLE_OBJC_ARC = YES;
				CLANG_WARN_BOOL_CONVERSION = YES;
				CLANG_WARN_CONSTANT_CONVERSION = YES;
				CLANG_WARN_DIRECT_OBJC_ISA_USAGE = YES_ERROR;
				CLANG_WARN_EMPTY_BODY = YES;
				CLANG_WARN_ENUM_CONVERSION = YES;
				CLANG_WARN_INT_CONVERSION = YES;
				CLANG_WARN_OBJC_ROOT_CLASS = YES_ERROR;
				CLANG_WARN_UNREACHABLE_CODE = YES;
				CLANG_WARN__DUPLICATE_METHOD_MATCH = YES;
				"CODE_SIGN_IDENTITY[sdk=iphoneos*]" = "iPhone Developer";
				COPY_PHASE_STRIP = YES;
				ENABLE_NS_ASSERTIONS = NO;
				ENABLE_STRICT_OBJC_MSGSEND = YES;
				GCC_C_LANGUAGE_STANDARD = gnu99;
				GCC_WARN_64_TO_32_BIT_CONVERSION = YES;
				GCC_WARN_ABOUT_RETURN_TYPE = YES_ERROR;
				GCC_WARN_UNDECLARED_SELECTOR = YES;
				GCC_WARN_UNINITIALIZED_AUTOS = YES_AGGRESSIVE;
				GCC_WARN_UNUSED_FUNCTION = YES;
				GCC_WARN_UNUSED_VARIABLE = YES;
				IPHONEOS_DEPLOYMENT_TARGET = 8.0;
				MTL_ENABLE_DEBUG_INFO = NO;
				SDKROOT = iphoneos;
				VALIDATE_PRODUCT = YES;
			};
			name = Release;
		};
		FDD99B801ABBF9C100062FE8 /* Debug */ = {
			isa = XCBuildConfiguration;
			buildSettings = {
				ASSETCATALOG_COMPILER_APPICON_NAME = AppIcon;
				INFOPLIST_FILE = coreDataExample/Info.plist;
				LD_RUNPATH_SEARCH_PATHS = "$(inherited) @executable_path/Frameworks";
				PRODUCT_NAME = "$(TARGET_NAME)";
			};
			name = Debug;
		};
		FDD99B811ABBF9C100062FE8 /* Release */ = {
			isa = XCBuildConfiguration;
			buildSettings = {
				ASSETCATALOG_COMPILER_APPICON_NAME = AppIcon;
				INFOPLIST_FILE = coreDataExample/Info.plist;
				LD_RUNPATH_SEARCH_PATHS = "$(inherited) @executable_path/Frameworks";
				PRODUCT_NAME = "$(TARGET_NAME)";
			};
			name = Release;
		};
		FDD99B831ABBF9C100062FE8 /* Debug */ = {
			isa = XCBuildConfiguration;
			buildSettings = {
				BUNDLE_LOADER = "$(TEST_HOST)";
				FRAMEWORK_SEARCH_PATHS = (
					"$(SDKROOT)/Developer/Library/Frameworks",
					"$(inherited)",
				);
				GCC_PREPROCESSOR_DEFINITIONS = (
					"DEBUG=1",
					"$(inherited)",
				);
				INFOPLIST_FILE = coreDataExampleTests/Info.plist;
				LD_RUNPATH_SEARCH_PATHS = "$(inherited) @executable_path/Frameworks @loader_path/Frameworks";
				PRODUCT_NAME = "$(TARGET_NAME)";
				TEST_HOST = "$(BUILT_PRODUCTS_DIR)/coreDataExample.app/coreDataExample";
			};
			name = Debug;
		};
		FDD99B841ABBF9C100062FE8 /* Release */ = {
			isa = XCBuildConfiguration;
			buildSettings = {
				BUNDLE_LOADER = "$(TEST_HOST)";
				FRAMEWORK_SEARCH_PATHS = (
					"$(SDKROOT)/Developer/Library/Frameworks",
					"$(inherited)",
				);
				INFOPLIST_FILE = coreDataExampleTests/Info.plist;
				LD_RUNPATH_SEARCH_PATHS = "$(inherited) @executable_path/Frameworks @loader_path/Frameworks";
				PRODUCT_NAME = "$(TARGET_NAME)";
				TEST_HOST = "$(BUILT_PRODUCTS_DIR)/coreDataExample.app/coreDataExample";
			};
			name = Release;
		};
/* End XCBuildConfiguration section */

/* Begin XCConfigurationList section */
		FDD99B581ABBF9C100062FE8 /* Build configuration list for PBXProject "coreDataExample" */ = {
			isa = XCConfigurationList;
			buildConfigurations = (
				FDD99B7D1ABBF9C100062FE8 /* Debug */,
				FDD99B7E1ABBF9C100062FE8 /* Release */,
			);
			defaultConfigurationIsVisible = 0;
			defaultConfigurationName = Release;
		};
		FDD99B7F1ABBF9C100062FE8 /* Build configuration list for PBXNativeTarget "coreDataExample" */ = {
			isa = XCConfigurationList;
			buildConfigurations = (
				FDD99B801ABBF9C100062FE8 /* Debug */,
				FDD99B811ABBF9C100062FE8 /* Release */,
			);
			defaultConfigurationIsVisible = 0;
		};
		FDD99B821ABBF9C100062FE8 /* Build configuration list for PBXNativeTarget "coreDataExampleTests" */ = {
			isa = XCConfigurationList;
			buildConfigurations = (
				FDD99B831ABBF9C100062FE8 /* Debug */,
				FDD99B841ABBF9C100062FE8 /* Release */,
			);
			defaultConfigurationIsVisible = 0;
		};
/* End XCConfigurationList section */

/* Begin XCVersionGroup section */
		FDD99B641ABBF9C100062FE8 /* coreDataExample.xcdatamodeld */ = {
			isa = XCVersionGroup;
			children = (
				FDD99B651ABBF9C100062FE8 /* coreDataExample.xcdatamodel */,
			);
			currentVersion = FDD99B651ABBF9C100062FE8 /* coreDataExample.xcdatamodel */;
			path = coreDataExample.xcdatamodeld;
			sourceTree = "<group>";
			versionGroupType = wrapper.xcdatamodel;
		};
/* End XCVersionGroup section */
	};
	rootObject = FDD99B551ABBF9C100062FE8 /* Project object */;
}
