// !$*UTF8*$!
{
	archiveVersion = 1;
	classes = {
	};
	objectVersion = 46;
	objects = {

/* Begin PBXBuildFile section */
		FD5E77911AA0475B0088271D /* AppDelegate.swift in Sources */ = {isa = PBXBuildFile; fileRef = FD5E77901AA0475B0088271D /* AppDelegate.swift */; };
		FD5E77961AA0475B0088271D /* Main.storyboard in Resources */ = {isa = PBXBuildFile; fileRef = FD5E77941AA0475B0088271D /* Main.storyboard */; };
		FD5E77981AA0475B0088271D /* Images.xcassets in Resources */ = {isa = PBXBuildFile; fileRef = FD5E77971AA0475B0088271D /* Images.xcassets */; };
		FD5E779B1AA0475B0088271D /* LaunchScreen.xib in Resources */ = {isa = PBXBuildFile; fileRef = FD5E77991AA0475B0088271D /* LaunchScreen.xib */; };
		FD5E77A71AA0475B0088271D /* customTableViewTests.swift in Sources */ = {isa = PBXBuildFile; fileRef = FD5E77A61AA0475B0088271D /* customTableViewTests.swift */; };
		FD5E77B11AA04E370088271D /* TableViewController.swift in Sources */ = {isa = PBXBuildFile; fileRef = FD5E77B01AA04E370088271D /* TableViewController.swift */; };
		FD5E77B31AA04E590088271D /* TableViewCell.swift in Sources */ = {isa = PBXBuildFile; fileRef = FD5E77B21AA04E590088271D /* TableViewCell.swift */; };
		FD5E77BB1AA055360088271D /* data.swift in Sources */ = {isa = PBXBuildFile; fileRef = FD5E77BA1AA055360088271D /* data.swift */; };
		FD5E77BD1AA0557E0088271D /* balloon.swift in Sources */ = {isa = PBXBuildFile; fileRef = FD5E77BC1AA0557E0088271D /* balloon.swift */; };
		FD5E77BF1AA057D60088271D /* p2.png in Resources */ = {isa = PBXBuildFile; fileRef = FD5E77BE1AA057D60088271D /* p2.png */; };
		FD5E77C11AA057DC0088271D /* p1.png in Resources */ = {isa = PBXBuildFile; fileRef = FD5E77C01AA057DC0088271D /* p1.png */; };
		FD5E77C31AA066EA0088271D /* p6.png in Resources */ = {isa = PBXBuildFile; fileRef = FD5E77C21AA066EA0088271D /* p6.png */; };
		FD5E77C51AA066F20088271D /* p5.png in Resources */ = {isa = PBXBuildFile; fileRef = FD5E77C41AA066F20088271D /* p5.png */; };
		FD5E77C71AA066F90088271D /* p4.png in Resources */ = {isa = PBXBuildFile; fileRef = FD5E77C61AA066F90088271D /* p4.png */; };
		FD5E77C91AA067000088271D /* p3.png in Resources */ = {isa = PBXBuildFile; fileRef = FD5E77C81AA067000088271D /* p3.png */; };
/* End PBXBuildFile section */

/* Begin PBXContainerItemProxy section */
		FD5E77A11AA0475B0088271D /* PBXContainerItemProxy */ = {
			isa = PBXContainerItemProxy;
			containerPortal = FD5E77831AA0475B0088271D /* Project object */;
			proxyType = 1;
			remoteGlobalIDString = FD5E778A1AA0475B0088271D;
			remoteInfo = customTableView;
		};
/* End PBXContainerItemProxy section */

/* Begin PBXFileReference section */
		FD5E778B1AA0475B0088271D /* customTableView.app */ = {isa = PBXFileReference; explicitFileType = wrapper.application; includeInIndex = 0; path = customTableView.app; sourceTree = BUILT_PRODUCTS_DIR; };
		FD5E778F1AA0475B0088271D /* Info.plist */ = {isa = PBXFileReference; lastKnownFileType = text.plist.xml; path = Info.plist; sourceTree = "<group>"; };
		FD5E77901AA0475B0088271D /* AppDelegate.swift */ = {isa = PBXFileReference; lastKnownFileType = sourcecode.swift; path = AppDelegate.swift; sourceTree = "<group>"; };
		FD5E77951AA0475B0088271D /* Base */ = {isa = PBXFileReference; lastKnownFileType = file.storyboard; name = Base; path = Base.lproj/Main.storyboard; sourceTree = "<group>"; };
		FD5E77971AA0475B0088271D /* Images.xcassets */ = {isa = PBXFileReference; lastKnownFileType = folder.assetcatalog; path = Images.xcassets; sourceTree = "<group>"; };
		FD5E779A1AA0475B0088271D /* Base */ = {isa = PBXFileReference; lastKnownFileType = file.xib; name = Base; path = Base.lproj/LaunchScreen.xib; sourceTree = "<group>"; };
		FD5E77A01AA0475B0088271D /* customTableViewTests.xctest */ = {isa = PBXFileReference; explicitFileType = wrapper.cfbundle; includeInIndex = 0; path = customTableViewTests.xctest; sourceTree = BUILT_PRODUCTS_DIR; };
		FD5E77A51AA0475B0088271D /* Info.plist */ = {isa = PBXFileReference; lastKnownFileType = text.plist.xml; path = Info.plist; sourceTree = "<group>"; };
		FD5E77A61AA0475B0088271D /* customTableViewTests.swift */ = {isa = PBXFileReference; lastKnownFileType = sourcecode.swift; path = customTableViewTests.swift; sourceTree = "<group>"; };
		FD5E77B01AA04E370088271D /* TableViewController.swift */ = {isa = PBXFileReference; fileEncoding = 4; lastKnownFileType = sourcecode.swift; path = TableViewController.swift; sourceTree = "<group>"; };
		FD5E77B21AA04E590088271D /* TableViewCell.swift */ = {isa = PBXFileReference; fileEncoding = 4; lastKnownFileType = sourcecode.swift; path = TableViewCell.swift; sourceTree = "<group>"; };
		FD5E77BA1AA055360088271D /* data.swift */ = {isa = PBXFileReference; fileEncoding = 4; lastKnownFileType = sourcecode.swift; name = data.swift; path = ../data.swift; sourceTree = "<group>"; };
		FD5E77BC1AA0557E0088271D /* balloon.swift */ = {isa = PBXFileReference; fileEncoding = 4; lastKnownFileType = sourcecode.swift; name = balloon.swift; path = ../balloon.swift; sourceTree = "<group>"; };
		FD5E77BE1AA057D60088271D /* p2.png */ = {isa = PBXFileReference; lastKnownFileType = image.png; path = p2.png; sourceTree = "<group>"; };
		FD5E77C01AA057DC0088271D /* p1.png */ = {isa = PBXFileReference; lastKnownFileType = image.png; path = p1.png; sourceTree = "<group>"; };
		FD5E77C21AA066EA0088271D /* p6.png */ = {isa = PBXFileReference; lastKnownFileType = image.png; path = p6.png; sourceTree = "<group>"; };
		FD5E77C41AA066F20088271D /* p5.png */ = {isa = PBXFileReference; lastKnownFileType = image.png; path = p5.png; sourceTree = "<group>"; };
		FD5E77C61AA066F90088271D /* p4.png */ = {isa = PBXFileReference; lastKnownFileType = image.png; path = p4.png; sourceTree = "<group>"; };
		FD5E77C81AA067000088271D /* p3.png */ = {isa = PBXFileReference; lastKnownFileType = image.png; path = p3.png; sourceTree = "<group>"; };
/* End PBXFileReference section */

/* Begin PBXFrameworksBuildPhase section */
		FD5E77881AA0475B0088271D /* Frameworks */ = {
			isa = PBXFrameworksBuildPhase;
			buildActionMask = 2147483647;
			files = (
			);
			runOnlyForDeploymentPostprocessing = 0;
		};
		FD5E779D1AA0475B0088271D /* Frameworks */ = {
			isa = PBXFrameworksBuildPhase;
			buildActionMask = 2147483647;
			files = (
			);
			runOnlyForDeploymentPostprocessing = 0;
		};
/* End PBXFrameworksBuildPhase section */

/* Begin PBXGroup section */
		FD5E77821AA0475B0088271D = {
			isa = PBXGroup;
			children = (
				FD5E778D1AA0475B0088271D /* customTableView */,
				FD5E77A31AA0475B0088271D /* customTableViewTests */,
				FD5E778C1AA0475B0088271D /* Products */,
			);
			sourceTree = "<group>";
		};
		FD5E778C1AA0475B0088271D /* Products */ = {
			isa = PBXGroup;
			children = (
				FD5E778B1AA0475B0088271D /* customTableView.app */,
				FD5E77A01AA0475B0088271D /* customTableViewTests.xctest */,
			);
			name = Products;
			sourceTree = "<group>";
		};
		FD5E778D1AA0475B0088271D /* customTableView */ = {
			isa = PBXGroup;
			children = (
				FD5E77BA1AA055360088271D /* data.swift */,
				FD5E77BC1AA0557E0088271D /* balloon.swift */,
				FD5E77901AA0475B0088271D /* AppDelegate.swift */,
				FD5E77941AA0475B0088271D /* Main.storyboard */,
				FD5E77B01AA04E370088271D /* TableViewController.swift */,
				FD5E77B21AA04E590088271D /* TableViewCell.swift */,
				FD5E77971AA0475B0088271D /* Images.xcassets */,
				FD5E77991AA0475B0088271D /* LaunchScreen.xib */,
				FD5E778E1AA0475B0088271D /* Supporting Files */,
			);
			path = customTableView;
			sourceTree = "<group>";
		};
		FD5E778E1AA0475B0088271D /* Supporting Files */ = {
			isa = PBXGroup;
			children = (
				FD5E778F1AA0475B0088271D /* Info.plist */,
				FD5E77C01AA057DC0088271D /* p1.png */,
				FD5E77BE1AA057D60088271D /* p2.png */,
				FD5E77C81AA067000088271D /* p3.png */,
				FD5E77C61AA066F90088271D /* p4.png */,
				FD5E77C41AA066F20088271D /* p5.png */,
				FD5E77C21AA066EA0088271D /* p6.png */,
			);
			name = "Supporting Files";
			sourceTree = "<group>";
		};
		FD5E77A31AA0475B0088271D /* customTableViewTests */ = {
			isa = PBXGroup;
			children = (
				FD5E77A61AA0475B0088271D /* customTableViewTests.swift */,
				FD5E77A41AA0475B0088271D /* Supporting Files */,
			);
			path = customTableViewTests;
			sourceTree = "<group>";
		};
		FD5E77A41AA0475B0088271D /* Supporting Files */ = {
			isa = PBXGroup;
			children = (
				FD5E77A51AA0475B0088271D /* Info.plist */,
			);
			name = "Supporting Files";
			sourceTree = "<group>";
		};
/* End PBXGroup section */

/* Begin PBXNativeTarget section */
		FD5E778A1AA0475B0088271D /* customTableView */ = {
			isa = PBXNativeTarget;
			buildConfigurationList = FD5E77AA1AA0475B0088271D /* Build configuration list for PBXNativeTarget "customTableView" */;
			buildPhases = (
				FD5E77871AA0475B0088271D /* Sources */,
				FD5E77881AA0475B0088271D /* Frameworks */,
				FD5E77891AA0475B0088271D /* Resources */,
			);
			buildRules = (
			);
			dependencies = (
			);
			name = customTableView;
			productName = customTableView;
			productReference = FD5E778B1AA0475B0088271D /* customTableView.app */;
			productType = "com.apple.product-type.application";
		};
		FD5E779F1AA0475B0088271D /* customTableViewTests */ = {
			isa = PBXNativeTarget;
			buildConfigurationList = FD5E77AD1AA0475B0088271D /* Build configuration list for PBXNativeTarget "customTableViewTests" */;
			buildPhases = (
				FD5E779C1AA0475B0088271D /* Sources */,
				FD5E779D1AA0475B0088271D /* Frameworks */,
				FD5E779E1AA0475B0088271D /* Resources */,
			);
			buildRules = (
			);
			dependencies = (
				FD5E77A21AA0475B0088271D /* PBXTargetDependency */,
			);
			name = customTableViewTests;
			productName = customTableViewTests;
			productReference = FD5E77A01AA0475B0088271D /* customTableViewTests.xctest */;
			productType = "com.apple.product-type.bundle.unit-test";
		};
/* End PBXNativeTarget section */

/* Begin PBXProject section */
		FD5E77831AA0475B0088271D /* Project object */ = {
			isa = PBXProject;
			attributes = {
				LastUpgradeCheck = 0600;
				ORGANIZATIONNAME = iStudents;
				TargetAttributes = {
					FD5E778A1AA0475B0088271D = {
						CreatedOnToolsVersion = 6.0;
					};
					FD5E779F1AA0475B0088271D = {
						CreatedOnToolsVersion = 6.0;
						TestTargetID = FD5E778A1AA0475B0088271D;
					};
				};
			};
			buildConfigurationList = FD5E77861AA0475B0088271D /* Build configuration list for PBXProject "customTableView" */;
			compatibilityVersion = "Xcode 3.2";
			developmentRegion = English;
			hasScannedForEncodings = 0;
			knownRegions = (
				en,
				Base,
			);
			mainGroup = FD5E77821AA0475B0088271D;
			productRefGroup = FD5E778C1AA0475B0088271D /* Products */;
			projectDirPath = "";
			projectRoot = "";
			targets = (
				FD5E778A1AA0475B0088271D /* customTableView */,
				FD5E779F1AA0475B0088271D /* customTableViewTests */,
			);
		};
/* End PBXProject section */

/* Begin PBXResourcesBuildPhase section */
		FD5E77891AA0475B0088271D /* Resources */ = {
			isa = PBXResourcesBuildPhase;
			buildActionMask = 2147483647;
			files = (
				FD5E77C91AA067000088271D /* p3.png in Resources */,
				FD5E77C51AA066F20088271D /* p5.png in Resources */,
				FD5E77961AA0475B0088271D /* Main.storyboard in Resources */,
				FD5E779B1AA0475B0088271D /* LaunchScreen.xib in Resources */,
				FD5E77C31AA066EA0088271D /* p6.png in Resources */,
				FD5E77C71AA066F90088271D /* p4.png in Resources */,
				FD5E77BF1AA057D60088271D /* p2.png in Resources */,
				FD5E77981AA0475B0088271D /* Images.xcassets in Resources */,
				FD5E77C11AA057DC0088271D /* p1.png in Resources */,
			);
			runOnlyForDeploymentPostprocessing = 0;
		};
		FD5E779E1AA0475B0088271D /* Resources */ = {
			isa = PBXResourcesBuildPhase;
			buildActionMask = 2147483647;
			files = (
			);
			runOnlyForDeploymentPostprocessing = 0;
		};
/* End PBXResourcesBuildPhase section */

/* Begin PBXSourcesBuildPhase section */
		FD5E77871AA0475B0088271D /* Sources */ = {
			isa = PBXSourcesBuildPhase;
			buildActionMask = 2147483647;
			files = (
				FD5E77B31AA04E590088271D /* TableViewCell.swift in Sources */,
				FD5E77911AA0475B0088271D /* AppDelegate.swift in Sources */,
				FD5E77B11AA04E370088271D /* TableViewController.swift in Sources */,
				FD5E77BB1AA055360088271D /* data.swift in Sources */,
				FD5E77BD1AA0557E0088271D /* balloon.swift in Sources */,
			);
			runOnlyForDeploymentPostprocessing = 0;
		};
		FD5E779C1AA0475B0088271D /* Sources */ = {
			isa = PBXSourcesBuildPhase;
			buildActionMask = 2147483647;
			files = (
				FD5E77A71AA0475B0088271D /* customTableViewTests.swift in Sources */,
			);
			runOnlyForDeploymentPostprocessing = 0;
		};
/* End PBXSourcesBuildPhase section */

/* Begin PBXTargetDependency section */
		FD5E77A21AA0475B0088271D /* PBXTargetDependency */ = {
			isa = PBXTargetDependency;
			target = FD5E778A1AA0475B0088271D /* customTableView */;
			targetProxy = FD5E77A11AA0475B0088271D /* PBXContainerItemProxy */;
		};
/* End PBXTargetDependency section */

/* Begin PBXVariantGroup section */
		FD5E77941AA0475B0088271D /* Main.storyboard */ = {
			isa = PBXVariantGroup;
			children = (
				FD5E77951AA0475B0088271D /* Base */,
			);
			name = Main.storyboard;
			sourceTree = "<group>";
		};
		FD5E77991AA0475B0088271D /* LaunchScreen.xib */ = {
			isa = PBXVariantGroup;
			children = (
				FD5E779A1AA0475B0088271D /* Base */,
			);
			name = LaunchScreen.xib;
			sourceTree = "<group>";
		};
/* End PBXVariantGroup section */

/* Begin XCBuildConfiguration section */
		FD5E77A81AA0475B0088271D /* Debug */ = {
			isa = XCBuildConfiguration;
			buildSettings = {
				ALWAYS_SEARCH_USER_PATHS = NO;
				CLANG_CXX_LANGUAGE_STANDARD = "gnu++0x";
				CLANG_CXX_LIBRARY = "libc++";
				CLANG_ENABLE_MODULES = YES;
				CLANG_ENABLE_OBJC_ARC = YES;
				CLANG_WARN_BOOL_CONVERSION = YES;
				CLANG_WARN_CONSTANT_CONVERSION = YES;
				CLANG_WARN_DIRECT_OBJC_ISA_USAGE = YES_ERROR;
				CLANG_WARN_EMPTY_BODY = YES;
				CLANG_WARN_ENUM_CONVERSION = YES;
				CLANG_WARN_INT_CONVERSION = YES;
				CLANG_WARN_OBJC_ROOT_CLASS = YES_ERROR;
				CLANG_WARN_UNREACHABLE_CODE = YES;
				CLANG_WARN__DUPLICATE_METHOD_MATCH = YES;
				"CODE_SIGN_IDENTITY[sdk=iphoneos*]" = "iPhone Developer";
				COPY_PHASE_STRIP = NO;
				ENABLE_STRICT_OBJC_MSGSEND = YES;
				GCC_C_LANGUAGE_STANDARD = gnu99;
				GCC_DYNAMIC_NO_PIC = NO;
				GCC_OPTIMIZATION_LEVEL = 0;
				GCC_PREPROCESSOR_DEFINITIONS = (
					"DEBUG=1",
					"$(inherited)",
				);
				GCC_SYMBOLS_PRIVATE_EXTERN = NO;
				GCC_WARN_64_TO_32_BIT_CONVERSION = YES;
				GCC_WARN_ABOUT_RETURN_TYPE = YES_ERROR;
				GCC_WARN_UNDECLARED_SELECTOR = YES;
				GCC_WARN_UNINITIALIZED_AUTOS = YES_AGGRESSIVE;
				GCC_WARN_UNUSED_FUNCTION = YES;
				GCC_WARN_UNUSED_VARIABLE = YES;
				IPHONEOS_DEPLOYMENT_TARGET = 8.0;
				MTL_ENABLE_DEBUG_INFO = YES;
				ONLY_ACTIVE_ARCH = YES;
				SDKROOT = iphoneos;
				SWIFT_OPTIMIZATION_LEVEL = "-Onone";
			};
			name = Debug;
		};
		FD5E77A91AA0475B0088271D /* Release */ = {
			isa = XCBuildConfiguration;
			buildSettings = {
				ALWAYS_SEARCH_USER_PATHS = NO;
				CLANG_CXX_LANGUAGE_STANDARD = "gnu++0x";
				CLANG_CXX_LIBRARY = "libc++";
				CLANG_ENABLE_MODULES = YES;
				CLANG_ENABLE_OBJC_ARC = YES;
				CLANG_WARN_BOOL_CONVERSION = YES;
				CLANG_WARN_CONSTANT_CONVERSION = YES;
				CLANG_WARN_DIRECT_OBJC_ISA_USAGE = YES_ERROR;
				CLANG_WARN_EMPTY_BODY = YES;
				CLANG_WARN_ENUM_CONVERSION = YES;
				CLANG_WARN_INT_CONVERSION = YES;
				CLANG_WARN_OBJC_ROOT_CLASS = YES_ERROR;
				CLANG_WARN_UNREACHABLE_CODE = YES;
				CLANG_WARN__DUPLICATE_METHOD_MATCH = YES;
				"CODE_SIGN_IDENTITY[sdk=iphoneos*]" = "iPhone Developer";
				COPY_PHASE_STRIP = YES;
				ENABLE_NS_ASSERTIONS = NO;
				ENABLE_STRICT_OBJC_MSGSEND = YES;
				GCC_C_LANGUAGE_STANDARD = gnu99;
				GCC_WARN_64_TO_32_BIT_CONVERSION = YES;
				GCC_WARN_ABOUT_RETURN_TYPE = YES_ERROR;
				GCC_WARN_UNDECLARED_SELECTOR = YES;
				GCC_WARN_UNINITIALIZED_AUTOS = YES_AGGRESSIVE;
				GCC_WARN_UNUSED_FUNCTION = YES;
				GCC_WARN_UNUSED_VARIABLE = YES;
				IPHONEOS_DEPLOYMENT_TARGET = 8.0;
				MTL_ENABLE_DEBUG_INFO = NO;
				SDKROOT = iphoneos;
				VALIDATE_PRODUCT = YES;
			};
			name = Release;
		};
		FD5E77AB1AA0475B0088271D /* Debug */ = {
			isa = XCBuildConfiguration;
			buildSettings = {
				ASSETCATALOG_COMPILER_APPICON_NAME = AppIcon;
				INFOPLIST_FILE = customTableView/Info.plist;
				LD_RUNPATH_SEARCH_PATHS = "$(inherited) @executable_path/Frameworks";
				PRODUCT_NAME = "$(TARGET_NAME)";
			};
			name = Debug;
		};
		FD5E77AC1AA0475B0088271D /* Release */ = {
			isa = XCBuildConfiguration;
			buildSettings = {
				ASSETCATALOG_COMPILER_APPICON_NAME = AppIcon;
				INFOPLIST_FILE = customTableView/Info.plist;
				LD_RUNPATH_SEARCH_PATHS = "$(inherited) @executable_path/Frameworks";
				PRODUCT_NAME = "$(TARGET_NAME)";
			};
			name = Release;
		};
		FD5E77AE1AA0475B0088271D /* Debug */ = {
			isa = XCBuildConfiguration;
			buildSettings = {
				BUNDLE_LOADER = "$(TEST_HOST)";
				FRAMEWORK_SEARCH_PATHS = (
					"$(SDKROOT)/Developer/Library/Frameworks",
					"$(inherited)",
				);
				GCC_PREPROCESSOR_DEFINITIONS = (
					"DEBUG=1",
					"$(inherited)",
				);
				INFOPLIST_FILE = customTableViewTests/Info.plist;
				LD_RUNPATH_SEARCH_PATHS = "$(inherited) @executable_path/Frameworks @loader_path/Frameworks";
				PRODUCT_NAME = "$(TARGET_NAME)";
				TEST_HOST = "$(BUILT_PRODUCTS_DIR)/customTableView.app/customTableView";
			};
			name = Debug;
		};
		FD5E77AF1AA0475B0088271D /* Release */ = {
			isa = XCBuildConfiguration;
			buildSettings = {
				BUNDLE_LOADER = "$(TEST_HOST)";
				FRAMEWORK_SEARCH_PATHS = (
					"$(SDKROOT)/Developer/Library/Frameworks",
					"$(inherited)",
				);
				INFOPLIST_FILE = customTableViewTests/Info.plist;
				LD_RUNPATH_SEARCH_PATHS = "$(inherited) @executable_path/Frameworks @loader_path/Frameworks";
				PRODUCT_NAME = "$(TARGET_NAME)";
				TEST_HOST = "$(BUILT_PRODUCTS_DIR)/customTableView.app/customTableView";
			};
			name = Release;
		};
/* End XCBuildConfiguration section */

/* Begin XCConfigurationList section */
		FD5E77861AA0475B0088271D /* Build configuration list for PBXProject "customTableView" */ = {
			isa = XCConfigurationList;
			buildConfigurations = (
				FD5E77A81AA0475B0088271D /* Debug */,
				FD5E77A91AA0475B0088271D /* Release */,
			);
			defaultConfigurationIsVisible = 0;
			defaultConfigurationName = Release;
		};
		FD5E77AA1AA0475B0088271D /* Build configuration list for PBXNativeTarget "customTableView" */ = {
			isa = XCConfigurationList;
			buildConfigurations = (
				FD5E77AB1AA0475B0088271D /* Debug */,
				FD5E77AC1AA0475B0088271D /* Release */,
			);
			defaultConfigurationIsVisible = 0;
		};
		FD5E77AD1AA0475B0088271D /* Build configuration list for PBXNativeTarget "customTableViewTests" */ = {
			isa = XCConfigurationList;
			buildConfigurations = (
				FD5E77AE1AA0475B0088271D /* Debug */,
				FD5E77AF1AA0475B0088271D /* Release */,
			);
			defaultConfigurationIsVisible = 0;
		};
/* End XCConfigurationList section */
	};
	rootObject = FD5E77831AA0475B0088271D /* Project object */;
}
