// !$*UTF8*$!
{
	archiveVersion = 1;
	classes = {
	};
	objectVersion = 46;
	objects = {

/* Begin PBXBuildFile section */
		FD6750981AC561F700458D57 /* AppDelegate.swift in Sources */ = {isa = PBXBuildFile; fileRef = FD6750971AC561F700458D57 /* AppDelegate.swift */; };
		FD67509A1AC561F700458D57 /* ViewController.swift in Sources */ = {isa = PBXBuildFile; fileRef = FD6750991AC561F700458D57 /* ViewController.swift */; };
		FD67509D1AC561F700458D57 /* Main.storyboard in Resources */ = {isa = PBXBuildFile; fileRef = FD67509B1AC561F700458D57 /* Main.storyboard */; };
		FD67509F1AC561F700458D57 /* Images.xcassets in Resources */ = {isa = PBXBuildFile; fileRef = FD67509E1AC561F700458D57 /* Images.xcassets */; };
		FD6750A21AC561F700458D57 /* LaunchScreen.xib in Resources */ = {isa = PBXBuildFile; fileRef = FD6750A01AC561F700458D57 /* LaunchScreen.xib */; };
		FD6750AE1AC561F700458D57 /* containerTests.swift in Sources */ = {isa = PBXBuildFile; fileRef = FD6750AD1AC561F700458D57 /* containerTests.swift */; };
/* End PBXBuildFile section */

/* Begin PBXContainerItemProxy section */
		FD6750A81AC561F700458D57 /* PBXContainerItemProxy */ = {
			isa = PBXContainerItemProxy;
			containerPortal = FD67508A1AC561F700458D57 /* Project object */;
			proxyType = 1;
			remoteGlobalIDString = FD6750911AC561F700458D57;
			remoteInfo = container;
		};
/* End PBXContainerItemProxy section */

/* Begin PBXFileReference section */
		FD6750921AC561F700458D57 /* container.app */ = {isa = PBXFileReference; explicitFileType = wrapper.application; includeInIndex = 0; path = container.app; sourceTree = BUILT_PRODUCTS_DIR; };
		FD6750961AC561F700458D57 /* Info.plist */ = {isa = PBXFileReference; lastKnownFileType = text.plist.xml; path = Info.plist; sourceTree = "<group>"; };
		FD6750971AC561F700458D57 /* AppDelegate.swift */ = {isa = PBXFileReference; lastKnownFileType = sourcecode.swift; path = AppDelegate.swift; sourceTree = "<group>"; };
		FD6750991AC561F700458D57 /* ViewController.swift */ = {isa = PBXFileReference; lastKnownFileType = sourcecode.swift; path = ViewController.swift; sourceTree = "<group>"; };
		FD67509C1AC561F700458D57 /* Base */ = {isa = PBXFileReference; lastKnownFileType = file.storyboard; name = Base; path = Base.lproj/Main.storyboard; sourceTree = "<group>"; };
		FD67509E1AC561F700458D57 /* Images.xcassets */ = {isa = PBXFileReference; lastKnownFileType = folder.assetcatalog; path = Images.xcassets; sourceTree = "<group>"; };
		FD6750A11AC561F700458D57 /* Base */ = {isa = PBXFileReference; lastKnownFileType = file.xib; name = Base; path = Base.lproj/LaunchScreen.xib; sourceTree = "<group>"; };
		FD6750A71AC561F700458D57 /* containerTests.xctest */ = {isa = PBXFileReference; explicitFileType = wrapper.cfbundle; includeInIndex = 0; path = containerTests.xctest; sourceTree = BUILT_PRODUCTS_DIR; };
		FD6750AC1AC561F700458D57 /* Info.plist */ = {isa = PBXFileReference; lastKnownFileType = text.plist.xml; path = Info.plist; sourceTree = "<group>"; };
		FD6750AD1AC561F700458D57 /* containerTests.swift */ = {isa = PBXFileReference; lastKnownFileType = sourcecode.swift; path = containerTests.swift; sourceTree = "<group>"; };
/* End PBXFileReference section */

/* Begin PBXFrameworksBuildPhase section */
		FD67508F1AC561F700458D57 /* Frameworks */ = {
			isa = PBXFrameworksBuildPhase;
			buildActionMask = 2147483647;
			files = (
			);
			runOnlyForDeploymentPostprocessing = 0;
		};
		FD6750A41AC561F700458D57 /* Frameworks */ = {
			isa = PBXFrameworksBuildPhase;
			buildActionMask = 2147483647;
			files = (
			);
			runOnlyForDeploymentPostprocessing = 0;
		};
/* End PBXFrameworksBuildPhase section */

/* Begin PBXGroup section */
		FD6750891AC561F700458D57 = {
			isa = PBXGroup;
			children = (
				FD6750941AC561F700458D57 /* container */,
				FD6750AA1AC561F700458D57 /* containerTests */,
				FD6750931AC561F700458D57 /* Products */,
			);
			sourceTree = "<group>";
		};
		FD6750931AC561F700458D57 /* Products */ = {
			isa = PBXGroup;
			children = (
				FD6750921AC561F700458D57 /* container.app */,
				FD6750A71AC561F700458D57 /* containerTests.xctest */,
			);
			name = Products;
			sourceTree = "<group>";
		};
		FD6750941AC561F700458D57 /* container */ = {
			isa = PBXGroup;
			children = (
				FD6750971AC561F700458D57 /* AppDelegate.swift */,
				FD6750991AC561F700458D57 /* ViewController.swift */,
				FD67509B1AC561F700458D57 /* Main.storyboard */,
				FD67509E1AC561F700458D57 /* Images.xcassets */,
				FD6750A01AC561F700458D57 /* LaunchScreen.xib */,
				FD6750951AC561F700458D57 /* Supporting Files */,
			);
			path = container;
			sourceTree = "<group>";
		};
		FD6750951AC561F700458D57 /* Supporting Files */ = {
			isa = PBXGroup;
			children = (
				FD6750961AC561F700458D57 /* Info.plist */,
			);
			name = "Supporting Files";
			sourceTree = "<group>";
		};
		FD6750AA1AC561F700458D57 /* containerTests */ = {
			isa = PBXGroup;
			children = (
				FD6750AD1AC561F700458D57 /* containerTests.swift */,
				FD6750AB1AC561F700458D57 /* Supporting Files */,
			);
			path = containerTests;
			sourceTree = "<group>";
		};
		FD6750AB1AC561F700458D57 /* Supporting Files */ = {
			isa = PBXGroup;
			children = (
				FD6750AC1AC561F700458D57 /* Info.plist */,
			);
			name = "Supporting Files";
			sourceTree = "<group>";
		};
/* End PBXGroup section */

/* Begin PBXNativeTarget section */
		FD6750911AC561F700458D57 /* container */ = {
			isa = PBXNativeTarget;
			buildConfigurationList = FD6750B11AC561F700458D57 /* Build configuration list for PBXNativeTarget "container" */;
			buildPhases = (
				FD67508E1AC561F700458D57 /* Sources */,
				FD67508F1AC561F700458D57 /* Frameworks */,
				FD6750901AC561F700458D57 /* Resources */,
			);
			buildRules = (
			);
			dependencies = (
			);
			name = container;
			productName = container;
			productReference = FD6750921AC561F700458D57 /* container.app */;
			productType = "com.apple.product-type.application";
		};
		FD6750A61AC561F700458D57 /* containerTests */ = {
			isa = PBXNativeTarget;
			buildConfigurationList = FD6750B41AC561F700458D57 /* Build configuration list for PBXNativeTarget "containerTests" */;
			buildPhases = (
				FD6750A31AC561F700458D57 /* Sources */,
				FD6750A41AC561F700458D57 /* Frameworks */,
				FD6750A51AC561F700458D57 /* Resources */,
			);
			buildRules = (
			);
			dependencies = (
				FD6750A91AC561F700458D57 /* PBXTargetDependency */,
			);
			name = containerTests;
			productName = containerTests;
			productReference = FD6750A71AC561F700458D57 /* containerTests.xctest */;
			productType = "com.apple.product-type.bundle.unit-test";
		};
/* End PBXNativeTarget section */

/* Begin PBXProject section */
		FD67508A1AC561F700458D57 /* Project object */ = {
			isa = PBXProject;
			attributes = {
				LastUpgradeCheck = 0600;
				ORGANIZATIONNAME = iStudents;
				TargetAttributes = {
					FD6750911AC561F700458D57 = {
						CreatedOnToolsVersion = 6.0;
					};
					FD6750A61AC561F700458D57 = {
						CreatedOnToolsVersion = 6.0;
						TestTargetID = FD6750911AC561F700458D57;
					};
				};
			};
			buildConfigurationList = FD67508D1AC561F700458D57 /* Build configuration list for PBXProject "container" */;
			compatibilityVersion = "Xcode 3.2";
			developmentRegion = English;
			hasScannedForEncodings = 0;
			knownRegions = (
				en,
				Base,
			);
			mainGroup = FD6750891AC561F700458D57;
			productRefGroup = FD6750931AC561F700458D57 /* Products */;
			projectDirPath = "";
			projectRoot = "";
			targets = (
				FD6750911AC561F700458D57 /* container */,
				FD6750A61AC561F700458D57 /* containerTests */,
			);
		};
/* End PBXProject section */

/* Begin PBXResourcesBuildPhase section */
		FD6750901AC561F700458D57 /* Resources */ = {
			isa = PBXResourcesBuildPhase;
			buildActionMask = 2147483647;
			files = (
				FD67509D1AC561F700458D57 /* Main.storyboard in Resources */,
				FD6750A21AC561F700458D57 /* LaunchScreen.xib in Resources */,
				FD67509F1AC561F700458D57 /* Images.xcassets in Resources */,
			);
			runOnlyForDeploymentPostprocessing = 0;
		};
		FD6750A51AC561F700458D57 /* Resources */ = {
			isa = PBXResourcesBuildPhase;
			buildActionMask = 2147483647;
			files = (
			);
			runOnlyForDeploymentPostprocessing = 0;
		};
/* End PBXResourcesBuildPhase section */

/* Begin PBXSourcesBuildPhase section */
		FD67508E1AC561F700458D57 /* Sources */ = {
			isa = PBXSourcesBuildPhase;
			buildActionMask = 2147483647;
			files = (
				FD67509A1AC561F700458D57 /* ViewController.swift in Sources */,
				FD6750981AC561F700458D57 /* AppDelegate.swift in Sources */,
			);
			runOnlyForDeploymentPostprocessing = 0;
		};
		FD6750A31AC561F700458D57 /* Sources */ = {
			isa = PBXSourcesBuildPhase;
			buildActionMask = 2147483647;
			files = (
				FD6750AE1AC561F700458D57 /* containerTests.swift in Sources */,
			);
			runOnlyForDeploymentPostprocessing = 0;
		};
/* End PBXSourcesBuildPhase section */

/* Begin PBXTargetDependency section */
		FD6750A91AC561F700458D57 /* PBXTargetDependency */ = {
			isa = PBXTargetDependency;
			target = FD6750911AC561F700458D57 /* container */;
			targetProxy = FD6750A81AC561F700458D57 /* PBXContainerItemProxy */;
		};
/* End PBXTargetDependency section */

/* Begin PBXVariantGroup section */
		FD67509B1AC561F700458D57 /* Main.storyboard */ = {
			isa = PBXVariantGroup;
			children = (
				FD67509C1AC561F700458D57 /* Base */,
			);
			name = Main.storyboard;
			sourceTree = "<group>";
		};
		FD6750A01AC561F700458D57 /* LaunchScreen.xib */ = {
			isa = PBXVariantGroup;
			children = (
				FD6750A11AC561F700458D57 /* Base */,
			);
			name = LaunchScreen.xib;
			sourceTree = "<group>";
		};
/* End PBXVariantGroup section */

/* Begin XCBuildConfiguration section */
		FD6750AF1AC561F700458D57 /* Debug */ = {
			isa = XCBuildConfiguration;
			buildSettings = {
				ALWAYS_SEARCH_USER_PATHS = NO;
				CLANG_CXX_LANGUAGE_STANDARD = "gnu++0x";
				CLANG_CXX_LIBRARY = "libc++";
				CLANG_ENABLE_MODULES = YES;
				CLANG_ENABLE_OBJC_ARC = YES;
				CLANG_WARN_BOOL_CONVERSION = YES;
				CLANG_WARN_CONSTANT_CONVERSION = YES;
				CLANG_WARN_DIRECT_OBJC_ISA_USAGE = YES_ERROR;
				CLANG_WARN_EMPTY_BODY = YES;
				CLANG_WARN_ENUM_CONVERSION = YES;
				CLANG_WARN_INT_CONVERSION = YES;
				CLANG_WARN_OBJC_ROOT_CLASS = YES_ERROR;
				CLANG_WARN_UNREACHABLE_CODE = YES;
				CLANG_WARN__DUPLICATE_METHOD_MATCH = YES;
				"CODE_SIGN_IDENTITY[sdk=iphoneos*]" = "iPhone Developer";
				COPY_PHASE_STRIP = NO;
				ENABLE_STRICT_OBJC_MSGSEND = YES;
				GCC_C_LANGUAGE_STANDARD = gnu99;
				GCC_DYNAMIC_NO_PIC = NO;
				GCC_OPTIMIZATION_LEVEL = 0;
				GCC_PREPROCESSOR_DEFINITIONS = (
					"DEBUG=1",
					"$(inherited)",
				);
				GCC_SYMBOLS_PRIVATE_EXTERN = NO;
				GCC_WARN_64_TO_32_BIT_CONVERSION = YES;
				GCC_WARN_ABOUT_RETURN_TYPE = YES_ERROR;
				GCC_WARN_UNDECLARED_SELECTOR = YES;
				GCC_WARN_UNINITIALIZED_AUTOS = YES_AGGRESSIVE;
				GCC_WARN_UNUSED_FUNCTION = YES;
				GCC_WARN_UNUSED_VARIABLE = YES;
				IPHONEOS_DEPLOYMENT_TARGET = 8.0;
				MTL_ENABLE_DEBUG_INFO = YES;
				ONLY_ACTIVE_ARCH = YES;
				SDKROOT = iphoneos;
				SWIFT_OPTIMIZATION_LEVEL = "-Onone";
			};
			name = Debug;
		};
		FD6750B01AC561F700458D57 /* Release */ = {
			isa = XCBuildConfiguration;
			buildSettings = {
				ALWAYS_SEARCH_USER_PATHS = NO;
				CLANG_CXX_LANGUAGE_STANDARD = "gnu++0x";
				CLANG_CXX_LIBRARY = "libc++";
				CLANG_ENABLE_MODULES = YES;
				CLANG_ENABLE_OBJC_ARC = YES;
				CLANG_WARN_BOOL_CONVERSION = YES;
				CLANG_WARN_CONSTANT_CONVERSION = YES;
				CLANG_WARN_DIRECT_OBJC_ISA_USAGE = YES_ERROR;
				CLANG_WARN_EMPTY_BODY = YES;
				CLANG_WARN_ENUM_CONVERSION = YES;
				CLANG_WARN_INT_CONVERSION = YES;
				CLANG_WARN_OBJC_ROOT_CLASS = YES_ERROR;
				CLANG_WARN_UNREACHABLE_CODE = YES;
				CLANG_WARN__DUPLICATE_METHOD_MATCH = YES;
				"CODE_SIGN_IDENTITY[sdk=iphoneos*]" = "iPhone Developer";
				COPY_PHASE_STRIP = YES;
				ENABLE_NS_ASSERTIONS = NO;
				ENABLE_STRICT_OBJC_MSGSEND = YES;
				GCC_C_LANGUAGE_STANDARD = gnu99;
				GCC_WARN_64_TO_32_BIT_CONVERSION = YES;
				GCC_WARN_ABOUT_RETURN_TYPE = YES_ERROR;
				GCC_WARN_UNDECLARED_SELECTOR = YES;
				GCC_WARN_UNINITIALIZED_AUTOS = YES_AGGRESSIVE;
				GCC_WARN_UNUSED_FUNCTION = YES;
				GCC_WARN_UNUSED_VARIABLE = YES;
				IPHONEOS_DEPLOYMENT_TARGET = 8.0;
				MTL_ENABLE_DEBUG_INFO = NO;
				SDKROOT = iphoneos;
				VALIDATE_PRODUCT = YES;
			};
			name = Release;
		};
		FD6750B21AC561F700458D57 /* Debug */ = {
			isa = XCBuildConfiguration;
			buildSettings = {
				ASSETCATALOG_COMPILER_APPICON_NAME = AppIcon;
				INFOPLIST_FILE = container/Info.plist;
				LD_RUNPATH_SEARCH_PATHS = "$(inherited) @executable_path/Frameworks";
				PRODUCT_NAME = "$(TARGET_NAME)";
			};
			name = Debug;
		};
		FD6750B31AC561F700458D57 /* Release */ = {
			isa = XCBuildConfiguration;
			buildSettings = {
				ASSETCATALOG_COMPILER_APPICON_NAME = AppIcon;
				INFOPLIST_FILE = container/Info.plist;
				LD_RUNPATH_SEARCH_PATHS = "$(inherited) @executable_path/Frameworks";
				PRODUCT_NAME = "$(TARGET_NAME)";
			};
			name = Release;
		};
		FD6750B51AC561F700458D57 /* Debug */ = {
			isa = XCBuildConfiguration;
			buildSettings = {
				BUNDLE_LOADER = "$(TEST_HOST)";
				FRAMEWORK_SEARCH_PATHS = (
					"$(SDKROOT)/Developer/Library/Frameworks",
					"$(inherited)",
				);
				GCC_PREPROCESSOR_DEFINITIONS = (
					"DEBUG=1",
					"$(inherited)",
				);
				INFOPLIST_FILE = containerTests/Info.plist;
				LD_RUNPATH_SEARCH_PATHS = "$(inherited) @executable_path/Frameworks @loader_path/Frameworks";
				PRODUCT_NAME = "$(TARGET_NAME)";
				TEST_HOST = "$(BUILT_PRODUCTS_DIR)/container.app/container";
			};
			name = Debug;
		};
		FD6750B61AC561F700458D57 /* Release */ = {
			isa = XCBuildConfiguration;
			buildSettings = {
				BUNDLE_LOADER = "$(TEST_HOST)";
				FRAMEWORK_SEARCH_PATHS = (
					"$(SDKROOT)/Developer/Library/Frameworks",
					"$(inherited)",
				);
				INFOPLIST_FILE = containerTests/Info.plist;
				LD_RUNPATH_SEARCH_PATHS = "$(inherited) @executable_path/Frameworks @loader_path/Frameworks";
				PRODUCT_NAME = "$(TARGET_NAME)";
				TEST_HOST = "$(BUILT_PRODUCTS_DIR)/container.app/container";
			};
			name = Release;
		};
/* End XCBuildConfiguration section */

/* Begin XCConfigurationList section */
		FD67508D1AC561F700458D57 /* Build configuration list for PBXProject "container" */ = {
			isa = XCConfigurationList;
			buildConfigurations = (
				FD6750AF1AC561F700458D57 /* Debug */,
				FD6750B01AC561F700458D57 /* Release */,
			);
			defaultConfigurationIsVisible = 0;
			defaultConfigurationName = Release;
		};
		FD6750B11AC561F700458D57 /* Build configuration list for PBXNativeTarget "container" */ = {
			isa = XCConfigurationList;
			buildConfigurations = (
				FD6750B21AC561F700458D57 /* Debug */,
				FD6750B31AC561F700458D57 /* Release */,
			);
			defaultConfigurationIsVisible = 0;
		};
		FD6750B41AC561F700458D57 /* Build configuration list for PBXNativeTarget "containerTests" */ = {
			isa = XCConfigurationList;
			buildConfigurations = (
				FD6750B51AC561F700458D57 /* Debug */,
				FD6750B61AC561F700458D57 /* Release */,
			);
			defaultConfigurationIsVisible = 0;
		};
/* End XCConfigurationList section */
	};
	rootObject = FD67508A1AC561F700458D57 /* Project object */;
}
